{
  "R": {
    "Version": "4.0.2",
    "Repositories": [
      {
        "Name": "CRAN",
        "URL": "https://cloud.r-project.org"
      }
    ]
  },
  "Packages": {
    "renv": {
      "Package": "renv",
      "Version": "0.12.1",
      "Source": "Repository",
      "Repository": "CRAN",
      "Hash": "b95626d4e5b1ec52f47ee4e156926bf2"
    }
  }
}
